PODS:
  - Alamofire (4.8.2)
  - AlamofireImage (3.5.2):
    - Alamofire (~> 4.8)
  - Realm (4.4.0):
    - Realm/Headers (= 4.4.0)
  - Realm/Headers (4.4.0)
  - RealmSwift (4.4.0):
    - Realm (= 4.4.0)
  - RxCocoa (5.1.1):
    - RxRelay (~> 5)
    - RxSwift (~> 5)
  - RxRelay (5.1.1):
    - RxSwift (~> 5)
  - RxSwift (5.1.1)
  - SwiftyJSON (5.0.0)

DEPENDENCIES:
  - Alamofire (~> 4.8.1)
  - AlamofireImage (~> 3.5.0)
  - RealmSwift
  - RxCocoa
  - RxSwift
  - SwiftyJSON

SPEC REPOS:
  trunk:
    - Alamofire
    - AlamofireImage
    - Realm
    - RealmSwift
    - RxCocoa
    - RxRelay
    - RxSwift
    - SwiftyJSON

SPEC CHECKSUMS:
  Alamofire: ae5c501addb7afdbb13687d7f2f722c78734c2d3
  AlamofireImage: 63cfe3baf1370be6c498149687cf6db3e3b00999
  Realm: e125f464884cda953ebefe70c671b75b03b81b9b
  RealmSwift: 33656a42bd300959a081fc13347376bc478071af
  RxCocoa: 32065309a38d29b5b0db858819b5bf9ef038b601
  RxRelay: d77f7d771495f43c556cbc43eebd1bb54d01e8e9
  RxSwift: 81470a2074fa8780320ea5fe4102807cb7118178
  SwiftyJSON: 36413e04c44ee145039d332b4f4e2d3e8d6c4db7

PODFILE CHECKSUM: c0a71f86fb96acfd14bb693f4019c0a32d15f4eb

COCOAPODS: 1.9.1
